// !$*UTF8*$!
{
	archiveVersion = 1;
	classes = {
	};
	objectVersion = 46;
	objects = {

/* Begin PBXBuildFile section */
		D236F9541E2726B20007A52C /* AppDelegate.swift in Sources */ = {isa = PBXBuildFile; fileRef = D236F9531E2726B20007A52C /* AppDelegate.swift */; };
		D236F9561E2726B20007A52C /* ViewController.swift in Sources */ = {isa = PBXBuildFile; fileRef = D236F9551E2726B20007A52C /* ViewController.swift */; };
		D236F9591E2726B20007A52C /* Main.storyboard in Resources */ = {isa = PBXBuildFile; fileRef = D236F9571E2726B20007A52C /* Main.storyboard */; };
		D236F95B1E2726B30007A52C /* Assets.xcassets in Resources */ = {isa = PBXBuildFile; fileRef = D236F95A1E2726B30007A52C /* Assets.xcassets */; };
		D236F95E1E2726B30007A52C /* LaunchScreen.storyboard in Resources */ = {isa = PBXBuildFile; fileRef = D236F95C1E2726B30007A52C /* LaunchScreen.storyboard */; };
		D236F9691E2726B30007A52C /* DiffuseMenu_Swift_Tests.swift in Sources */ = {isa = PBXBuildFile; fileRef = D236F9681E2726B30007A52C /* DiffuseMenu_Swift_Tests.swift */; };
		D236F9741E2726B30007A52C /* DiffuseMenu_Swift_UITests.swift in Sources */ = {isa = PBXBuildFile; fileRef = D236F9731E2726B30007A52C /* DiffuseMenu_Swift_UITests.swift */; };
		D236F9841E2727330007A52C /* SDiffuseMenu.swift in Sources */ = {isa = PBXBuildFile; fileRef = D236F9821E2727330007A52C /* SDiffuseMenu.swift */; };
		D236F9851E2727330007A52C /* SDiffuseMenuItem.swift in Sources */ = {isa = PBXBuildFile; fileRef = D236F9831E2727330007A52C /* SDiffuseMenuItem.swift */; };
/* End PBXBuildFile section */

/* Begin PBXContainerItemProxy section */
		D236F9651E2726B30007A52C /* PBXContainerItemProxy */ = {
			isa = PBXContainerItemProxy;
			containerPortal = D236F9481E2726B20007A52C /* Project object */;
			proxyType = 1;
			remoteGlobalIDString = D236F94F1E2726B20007A52C;
			remoteInfo = "DiffuseMenu(Swift)";
		};
		D236F9701E2726B30007A52C /* PBXContainerItemProxy */ = {
			isa = PBXContainerItemProxy;
			containerPortal = D236F9481E2726B20007A52C /* Project object */;
			proxyType = 1;
			remoteGlobalIDString = D236F94F1E2726B20007A52C;
			remoteInfo = "DiffuseMenu(Swift)";
		};
/* End PBXContainerItemProxy section */

/* Begin PBXFileReference section */
		D236F9501E2726B20007A52C /* DiffuseMenu(Swift).app */ = {isa = PBXFileReference; explicitFileType = wrapper.application; includeInIndex = 0; path = "DiffuseMenu(Swift).app"; sourceTree = BUILT_PRODUCTS_DIR; };
		D236F9531E2726B20007A52C /* AppDelegate.swift */ = {isa = PBXFileReference; lastKnownFileType = sourcecode.swift; path = AppDelegate.swift; sourceTree = "<group>"; };
		D236F9551E2726B20007A52C /* ViewController.swift */ = {isa = PBXFileReference; lastKnownFileType = sourcecode.swift; path = ViewController.swift; sourceTree = "<group>"; };
		D236F9581E2726B20007A52C /* Base */ = {isa = PBXFileReference; lastKnownFileType = file.storyboard; name = Base; path = Base.lproj/Main.storyboard; sourceTree = "<group>"; };
		D236F95A1E2726B30007A52C /* Assets.xcassets */ = {isa = PBXFileReference; lastKnownFileType = folder.assetcatalog; path = Assets.xcassets; sourceTree = "<group>"; };
		D236F95D1E2726B30007A52C /* Base */ = {isa = PBXFileReference; lastKnownFileType = file.storyboard; name = Base; path = Base.lproj/LaunchScreen.storyboard; sourceTree = "<group>"; };
		D236F95F1E2726B30007A52C /* Info.plist */ = {isa = PBXFileReference; lastKnownFileType = text.plist.xml; path = Info.plist; sourceTree = "<group>"; };
		D236F9641E2726B30007A52C /* DiffuseMenu(Swift)Tests.xctest */ = {isa = PBXFileReference; explicitFileType = wrapper.cfbundle; includeInIndex = 0; path = "DiffuseMenu(Swift)Tests.xctest"; sourceTree = BUILT_PRODUCTS_DIR; };
		D236F9681E2726B30007A52C /* DiffuseMenu_Swift_Tests.swift */ = {isa = PBXFileReference; lastKnownFileType = sourcecode.swift; path = DiffuseMenu_Swift_Tests.swift; sourceTree = "<group>"; };
		D236F96A1E2726B30007A52C /* Info.plist */ = {isa = PBXFileReference; lastKnownFileType = text.plist.xml; path = Info.plist; sourceTree = "<group>"; };
		D236F96F1E2726B30007A52C /* DiffuseMenu(Swift)UITests.xctest */ = {isa = PBXFileReference; explicitFileType = wrapper.cfbundle; includeInIndex = 0; path = "DiffuseMenu(Swift)UITests.xctest"; sourceTree = BUILT_PRODUCTS_DIR; };
		D236F9731E2726B30007A52C /* DiffuseMenu_Swift_UITests.swift */ = {isa = PBXFileReference; lastKnownFileType = sourcecode.swift; path = DiffuseMenu_Swift_UITests.swift; sourceTree = "<group>"; };
		D236F9751E2726B30007A52C /* Info.plist */ = {isa = PBXFileReference; lastKnownFileType = text.plist.xml; path = Info.plist; sourceTree = "<group>"; };
		D236F9821E2727330007A52C /* SDiffuseMenu.swift */ = {isa = PBXFileReference; fileEncoding = 4; lastKnownFileType = sourcecode.swift; path = SDiffuseMenu.swift; sourceTree = "<group>"; };
		D236F9831E2727330007A52C /* SDiffuseMenuItem.swift */ = {isa = PBXFileReference; fileEncoding = 4; lastKnownFileType = sourcecode.swift; path = SDiffuseMenuItem.swift; sourceTree = "<group>"; };
/* End PBXFileReference section */

/* Begin PBXFrameworksBuildPhase section */
		D236F94D1E2726B20007A52C /* Frameworks */ = {
			isa = PBXFrameworksBuildPhase;
			buildActionMask = 2147483647;
			files = (
			);
			runOnlyForDeploymentPostprocessing = 0;
		};
		D236F9611E2726B30007A52C /* Frameworks */ = {
			isa = PBXFrameworksBuildPhase;
			buildActionMask = 2147483647;
			files = (
			);
			runOnlyForDeploymentPostprocessing = 0;
		};
		D236F96C1E2726B30007A52C /* Frameworks */ = {
			isa = PBXFrameworksBuildPhase;
			buildActionMask = 2147483647;
			files = (
			);
			runOnlyForDeploymentPostprocessing = 0;
		};
/* End PBXFrameworksBuildPhase section */

/* Begin PBXGroup section */
		D236F9471E2726B20007A52C = {
			isa = PBXGroup;
			children = (
				D236F9521E2726B20007A52C /* DiffuseMenu(Swift) */,
				D236F9671E2726B30007A52C /* DiffuseMenu(Swift)Tests */,
				D236F9721E2726B30007A52C /* DiffuseMenu(Swift)UITests */,
				D236F9511E2726B20007A52C /* Products */,
			);
			sourceTree = "<group>";
		};
		D236F9511E2726B20007A52C /* Products */ = {
			isa = PBXGroup;
			children = (
				D236F9501E2726B20007A52C /* DiffuseMenu(Swift).app */,
				D236F9641E2726B30007A52C /* DiffuseMenu(Swift)Tests.xctest */,
				D236F96F1E2726B30007A52C /* DiffuseMenu(Swift)UITests.xctest */,
			);
			name = Products;
			sourceTree = "<group>";
		};
		D236F9521E2726B20007A52C /* DiffuseMenu(Swift) */ = {
			isa = PBXGroup;
			children = (
				D236F9811E27271B0007A52C /* diffuseMenu(Swift) */,
				D236F9531E2726B20007A52C /* AppDelegate.swift */,
				D236F9551E2726B20007A52C /* ViewController.swift */,
				D236F9571E2726B20007A52C /* Main.storyboard */,
				D236F95A1E2726B30007A52C /* Assets.xcassets */,
				D236F95C1E2726B30007A52C /* LaunchScreen.storyboard */,
				D236F95F1E2726B30007A52C /* Info.plist */,
			);
			path = "DiffuseMenu(Swift)";
			sourceTree = "<group>";
		};
		D236F9671E2726B30007A52C /* DiffuseMenu(Swift)Tests */ = {
			isa = PBXGroup;
			children = (
				D236F9681E2726B30007A52C /* DiffuseMenu_Swift_Tests.swift */,
				D236F96A1E2726B30007A52C /* Info.plist */,
			);
			path = "DiffuseMenu(Swift)Tests";
			sourceTree = "<group>";
		};
		D236F9721E2726B30007A52C /* DiffuseMenu(Swift)UITests */ = {
			isa = PBXGroup;
			children = (
				D236F9731E2726B30007A52C /* DiffuseMenu_Swift_UITests.swift */,
				D236F9751E2726B30007A52C /* Info.plist */,
			);
			path = "DiffuseMenu(Swift)UITests";
			sourceTree = "<group>";
		};
		D236F9811E27271B0007A52C /* diffuseMenu(Swift) */ = {
			isa = PBXGroup;
			children = (
				D236F9821E2727330007A52C /* SDiffuseMenu.swift */,
				D236F9831E2727330007A52C /* SDiffuseMenuItem.swift */,
			);
			path = "diffuseMenu(Swift)";
			sourceTree = "<group>";
		};
/* End PBXGroup section */

/* Begin PBXNativeTarget section */
		D236F94F1E2726B20007A52C /* DiffuseMenu(Swift) */ = {
			isa = PBXNativeTarget;
			buildConfigurationList = D236F9781E2726B30007A52C /* Build configuration list for PBXNativeTarget "DiffuseMenu(Swift)" */;
			buildPhases = (
				D236F94C1E2726B20007A52C /* Sources */,
				D236F94D1E2726B20007A52C /* Frameworks */,
				D236F94E1E2726B20007A52C /* Resources */,
			);
			buildRules = (
			);
			dependencies = (
			);
			name = "DiffuseMenu(Swift)";
			productName = "DiffuseMenu(Swift)";
			productReference = D236F9501E2726B20007A52C /* DiffuseMenu(Swift).app */;
			productType = "com.apple.product-type.application";
		};
		D236F9631E2726B30007A52C /* DiffuseMenu(Swift)Tests */ = {
			isa = PBXNativeTarget;
			buildConfigurationList = D236F97B1E2726B30007A52C /* Build configuration list for PBXNativeTarget "DiffuseMenu(Swift)Tests" */;
			buildPhases = (
				D236F9601E2726B30007A52C /* Sources */,
				D236F9611E2726B30007A52C /* Frameworks */,
				D236F9621E2726B30007A52C /* Resources */,
			);
			buildRules = (
			);
			dependencies = (
				D236F9661E2726B30007A52C /* PBXTargetDependency */,
			);
			name = "DiffuseMenu(Swift)Tests";
			productName = "DiffuseMenu(Swift)Tests";
			productReference = D236F9641E2726B30007A52C /* DiffuseMenu(Swift)Tests.xctest */;
			productType = "com.apple.product-type.bundle.unit-test";
		};
		D236F96E1E2726B30007A52C /* DiffuseMenu(Swift)UITests */ = {
			isa = PBXNativeTarget;
			buildConfigurationList = D236F97E1E2726B30007A52C /* Build configuration list for PBXNativeTarget "DiffuseMenu(Swift)UITests" */;
			buildPhases = (
				D236F96B1E2726B30007A52C /* Sources */,
				D236F96C1E2726B30007A52C /* Frameworks */,
				D236F96D1E2726B30007A52C /* Resources */,
			);
			buildRules = (
			);
			dependencies = (
				D236F9711E2726B30007A52C /* PBXTargetDependency */,
			);
			name = "DiffuseMenu(Swift)UITests";
			productName = "DiffuseMenu(Swift)UITests";
			productReference = D236F96F1E2726B30007A52C /* DiffuseMenu(Swift)UITests.xctest */;
			productType = "com.apple.product-type.bundle.ui-testing";
		};
/* End PBXNativeTarget section */

/* Begin PBXProject section */
		D236F9481E2726B20007A52C /* Project object */ = {
			isa = PBXProject;
			attributes = {
				LastSwiftUpdateCheck = 0820;
				LastUpgradeCheck = 0820;
				ORGANIZATIONNAME = mythkiven;
				TargetAttributes = {
					D236F94F1E2726B20007A52C = {
						CreatedOnToolsVersion = 8.2.1;
						DevelopmentTeam = W996G562LY;
						ProvisioningStyle = Automatic;
					};
					D236F9631E2726B30007A52C = {
						CreatedOnToolsVersion = 8.2.1;
						DevelopmentTeam = 79BDF8TB26;
						ProvisioningStyle = Automatic;
						TestTargetID = D236F94F1E2726B20007A52C;
					};
					D236F96E1E2726B30007A52C = {
						CreatedOnToolsVersion = 8.2.1;
						DevelopmentTeam = 79BDF8TB26;
						ProvisioningStyle = Automatic;
						TestTargetID = D236F94F1E2726B20007A52C;
					};
				};
			};
			buildConfigurationList = D236F94B1E2726B20007A52C /* Build configuration list for PBXProject "DiffuseMenu(Swift)" */;
			compatibilityVersion = "Xcode 3.2";
			developmentRegion = English;
			hasScannedForEncodings = 0;
			knownRegions = (
				en,
				Base,
			);
			mainGroup = D236F9471E2726B20007A52C;
			productRefGroup = D236F9511E2726B20007A52C /* Products */;
			projectDirPath = "";
			projectRoot = "";
			targets = (
				D236F94F1E2726B20007A52C /* DiffuseMenu(Swift) */,
				D236F9631E2726B30007A52C /* DiffuseMenu(Swift)Tests */,
				D236F96E1E2726B30007A52C /* DiffuseMenu(Swift)UITests */,
			);
		};
/* End PBXProject section */

/* Begin PBXResourcesBuildPhase section */
		D236F94E1E2726B20007A52C /* Resources */ = {
			isa = PBXResourcesBuildPhase;
			buildActionMask = 2147483647;
			files = (
				D236F95E1E2726B30007A52C /* LaunchScreen.storyboard in Resources */,
				D236F95B1E2726B30007A52C /* Assets.xcassets in Resources */,
				D236F9591E2726B20007A52C /* Main.storyboard in Resources */,
			);
			runOnlyForDeploymentPostprocessing = 0;
		};
		D236F9621E2726B30007A52C /* Resources */ = {
			isa = PBXResourcesBuildPhase;
			buildActionMask = 2147483647;
			files = (
			);
			runOnlyForDeploymentPostprocessing = 0;
		};
		D236F96D1E2726B30007A52C /* Resources */ = {
			isa = PBXResourcesBuildPhase;
			buildActionMask = 2147483647;
			files = (
			);
			runOnlyForDeploymentPostprocessing = 0;
		};
/* End PBXResourcesBuildPhase section */

/* Begin PBXSourcesBuildPhase section */
		D236F94C1E2726B20007A52C /* Sources */ = {
			isa = PBXSourcesBuildPhase;
			buildActionMask = 2147483647;
			files = (
				D236F9561E2726B20007A52C /* ViewController.swift in Sources */,
				D236F9841E2727330007A52C /* SDiffuseMenu.swift in Sources */,
				D236F9851E2727330007A52C /* SDiffuseMenuItem.swift in Sources */,
				D236F9541E2726B20007A52C /* AppDelegate.swift in Sources */,
			);
			runOnlyForDeploymentPostprocessing = 0;
		};
		D236F9601E2726B30007A52C /* Sources */ = {
			isa = PBXSourcesBuildPhase;
			buildActionMask = 2147483647;
			files = (
				D236F9691E2726B30007A52C /* DiffuseMenu_Swift_Tests.swift in Sources */,
			);
			runOnlyForDeploymentPostprocessing = 0;
		};
		D236F96B1E2726B30007A52C /* Sources */ = {
			isa = PBXSourcesBuildPhase;
			buildActionMask = 2147483647;
			files = (
				D236F9741E2726B30007A52C /* DiffuseMenu_Swift_UITests.swift in Sources */,
			);
			runOnlyForDeploymentPostprocessing = 0;
		};
/* End PBXSourcesBuildPhase section */

/* Begin PBXTargetDependency section */
		D236F9661E2726B30007A52C /* PBXTargetDependency */ = {
			isa = PBXTargetDependency;
			target = D236F94F1E2726B20007A52C /* DiffuseMenu(Swift) */;
			targetProxy = D236F9651E2726B30007A52C /* PBXContainerItemProxy */;
		};
		D236F9711E2726B30007A52C /* PBXTargetDependency */ = {
			isa = PBXTargetDependency;
			target = D236F94F1E2726B20007A52C /* DiffuseMenu(Swift) */;
			targetProxy = D236F9701E2726B30007A52C /* PBXContainerItemProxy */;
		};
/* End PBXTargetDependency section */

/* Begin PBXVariantGroup section */
		D236F9571E2726B20007A52C /* Main.storyboard */ = {
			isa = PBXVariantGroup;
			children = (
				D236F9581E2726B20007A52C /* Base */,
			);
			name = Main.storyboard;
			sourceTree = "<group>";
		};
		D236F95C1E2726B30007A52C /* LaunchScreen.storyboard */ = {
			isa = PBXVariantGroup;
			children = (
				D236F95D1E2726B30007A52C /* Base */,
			);
			name = LaunchScreen.storyboard;
			sourceTree = "<group>";
		};
/* End PBXVariantGroup section */

/* Begin XCBuildConfiguration section */
		D236F9761E2726B30007A52C /* Debug */ = {
			isa = XCBuildConfiguration;
			buildSettings = {
				ALWAYS_SEARCH_USER_PATHS = NO;
				CLANG_ANALYZER_NONNULL = YES;
				CLANG_CXX_LANGUAGE_STANDARD = "gnu++0x";
				CLANG_CXX_LIBRARY = "libc++";
				CLANG_ENABLE_MODULES = YES;
				CLANG_ENABLE_OBJC_ARC = YES;
				CLANG_WARN_BOOL_CONVERSION = YES;
				CLANG_WARN_CONSTANT_CONVERSION = YES;
				CLANG_WARN_DIRECT_OBJC_ISA_USAGE = YES_ERROR;
				CLANG_WARN_DOCUMENTATION_COMMENTS = YES;
				CLANG_WARN_EMPTY_BODY = YES;
				CLANG_WARN_ENUM_CONVERSION = YES;
				CLANG_WARN_INFINITE_RECURSION = YES;
				CLANG_WARN_INT_CONVERSION = YES;
				CLANG_WARN_OBJC_ROOT_CLASS = YES_ERROR;
				CLANG_WARN_SUSPICIOUS_MOVE = YES;
				CLANG_WARN_UNREACHABLE_CODE = YES;
				CLANG_WARN__DUPLICATE_METHOD_MATCH = YES;
				"CODE_SIGN_IDENTITY[sdk=iphoneos*]" = "iPhone Developer";
				COPY_PHASE_STRIP = NO;
				DEBUG_INFORMATION_FORMAT = dwarf;
				ENABLE_STRICT_OBJC_MSGSEND = YES;
				ENABLE_TESTABILITY = YES;
				GCC_C_LANGUAGE_STANDARD = gnu99;
				GCC_DYNAMIC_NO_PIC = NO;
				GCC_NO_COMMON_BLOCKS = YES;
				GCC_OPTIMIZATION_LEVEL = 0;
				GCC_PREPROCESSOR_DEFINITIONS = (
					"DEBUG=1",
					"$(inherited)",
				);
				GCC_WARN_64_TO_32_BIT_CONVERSION = YES;
				GCC_WARN_ABOUT_RETURN_TYPE = YES_ERROR;
				GCC_WARN_UNDECLARED_SELECTOR = YES;
				GCC_WARN_UNINITIALIZED_AUTOS = YES_AGGRESSIVE;
				GCC_WARN_UNUSED_FUNCTION = YES;
				GCC_WARN_UNUSED_VARIABLE = YES;
				IPHONEOS_DEPLOYMENT_TARGET = 10.2;
				MTL_ENABLE_DEBUG_INFO = YES;
				ONLY_ACTIVE_ARCH = YES;
				SDKROOT = iphoneos;
				SWIFT_ACTIVE_COMPILATION_CONDITIONS = DEBUG;
				SWIFT_OPTIMIZATION_LEVEL = "-Onone";
				TARGETED_DEVICE_FAMILY = "1,2";
			};
			name = Debug;
		};
		D236F9771E2726B30007A52C /* Release */ = {
			isa = XCBuildConfiguration;
			buildSettings = {
				ALWAYS_SEARCH_USER_PATHS = NO;
				CLANG_ANALYZER_NONNULL = YES;
				CLANG_CXX_LANGUAGE_STANDARD = "gnu++0x";
				CLANG_CXX_LIBRARY = "libc++";
				CLANG_ENABLE_MODULES = YES;
				CLANG_ENABLE_OBJC_ARC = YES;
				CLANG_WARN_BOOL_CONVERSION = YES;
				CLANG_WARN_CONSTANT_CONVERSION = YES;
				CLANG_WARN_DIRECT_OBJC_ISA_USAGE = YES_ERROR;
				CLANG_WARN_DOCUMENTATION_COMMENTS = YES;
				CLANG_WARN_EMPTY_BODY = YES;
				CLANG_WARN_ENUM_CONVERSION = YES;
				CLANG_WARN_INFINITE_RECURSION = YES;
				CLANG_WARN_INT_CONVERSION = YES;
				CLANG_WARN_OBJC_ROOT_CLASS = YES_ERROR;
				CLANG_WARN_SUSPICIOUS_MOVE = YES;
				CLANG_WARN_UNREACHABLE_CODE = YES;
				CLANG_WARN__DUPLICATE_METHOD_MATCH = YES;
				"CODE_SIGN_IDENTITY[sdk=iphoneos*]" = "iPhone Developer";
				COPY_PHASE_STRIP = NO;
				DEBUG_INFORMATION_FORMAT = "dwarf-with-dsym";
				ENABLE_NS_ASSERTIONS = NO;
				ENABLE_STRICT_OBJC_MSGSEND = YES;
				GCC_C_LANGUAGE_STANDARD = gnu99;
				GCC_NO_COMMON_BLOCKS = YES;
				GCC_WARN_64_TO_32_BIT_CONVERSION = YES;
				GCC_WARN_ABOUT_RETURN_TYPE = YES_ERROR;
				GCC_WARN_UNDECLARED_SELECTOR = YES;
				GCC_WARN_UNINITIALIZED_AUTOS = YES_AGGRESSIVE;
				GCC_WARN_UNUSED_FUNCTION = YES;
				GCC_WARN_UNUSED_VARIABLE = YES;
				IPHONEOS_DEPLOYMENT_TARGET = 10.2;
				MTL_ENABLE_DEBUG_INFO = NO;
				SDKROOT = iphoneos;
				SWIFT_OPTIMIZATION_LEVEL = "-Owholemodule";
				TARGETED_DEVICE_FAMILY = "1,2";
				VALIDATE_PRODUCT = YES;
			};
			name = Release;
		};
		D236F9791E2726B30007A52C /* Debug */ = {
			isa = XCBuildConfiguration;
			buildSettings = {
				ASSETCATALOG_COMPILER_APPICON_NAME = AppIcon;
				DEVELOPMENT_TEAM = W996G562LY;
				INFOPLIST_FILE = "DiffuseMenu(Swift)/Info.plist";
				IPHONEOS_DEPLOYMENT_TARGET = 9.0;
				LD_RUNPATH_SEARCH_PATHS = "$(inherited) @executable_path/Frameworks";
				PRODUCT_BUNDLE_IDENTIFIER = com.github.mythkiven.DiffuseMenu;
				PRODUCT_NAME = "$(TARGET_NAME)";
				SWIFT_VERSION = 3.0;
			};
			name = Debug;
		};
		D236F97A1E2726B30007A52C /* Release */ = {
			isa = XCBuildConfiguration;
			buildSettings = {
				ASSETCATALOG_COMPILER_APPICON_NAME = AppIcon;
				DEVELOPMENT_TEAM = W996G562LY;
				INFOPLIST_FILE = "DiffuseMenu(Swift)/Info.plist";
				IPHONEOS_DEPLOYMENT_TARGET = 9.0;
				LD_RUNPATH_SEARCH_PATHS = "$(inherited) @executable_path/Frameworks";
				PRODUCT_BUNDLE_IDENTIFIER = com.github.mythkiven.DiffuseMenu;
				PRODUCT_NAME = "$(TARGET_NAME)";
				SWIFT_VERSION = 3.0;
			};
			name = Release;
		};
		D236F97C1E2726B30007A52C /* Debug */ = {
			isa = XCBuildConfiguration;
			buildSettings = {
				ALWAYS_EMBED_SWIFT_STANDARD_LIBRARIES = YES;
				BUNDLE_LOADER = "$(TEST_HOST)";
				DEVELOPMENT_TEAM = 79BDF8TB26;
				INFOPLIST_FILE = "DiffuseMenu(Swift)Tests/Info.plist";
				LD_RUNPATH_SEARCH_PATHS = "$(inherited) @executable_path/Frameworks @loader_path/Frameworks";
				PRODUCT_BUNDLE_IDENTIFIER = "github.com-mythkiven.DiffuseMenu-Swift-Tests";
				PRODUCT_NAME = "$(TARGET_NAME)";
				SWIFT_VERSION = 3.0;
				TEST_HOST = "$(BUILT_PRODUCTS_DIR)/DiffuseMenu(Swift).app/DiffuseMenu(Swift)";
			};
			name = Debug;
		};
		D236F97D1E2726B30007A52C /* Release */ = {
			isa = XCBuildConfiguration;
			buildSettings = {
				ALWAYS_EMBED_SWIFT_STANDARD_LIBRARIES = YES;
				BUNDLE_LOADER = "$(TEST_HOST)";
				DEVELOPMENT_TEAM = 79BDF8TB26;
				INFOPLIST_FILE = "DiffuseMenu(Swift)Tests/Info.plist";
				LD_RUNPATH_SEARCH_PATHS = "$(inherited) @executable_path/Frameworks @loader_path/Frameworks";
				PRODUCT_BUNDLE_IDENTIFIER = "github.com-mythkiven.DiffuseMenu-Swift-Tests";
				PRODUCT_NAME = "$(TARGET_NAME)";
				SWIFT_VERSION = 3.0;
				TEST_HOST = "$(BUILT_PRODUCTS_DIR)/DiffuseMenu(Swift).app/DiffuseMenu(Swift)";
			};
			name = Release;
		};
		D236F97F1E2726B30007A52C /* Debug */ = {
			isa = XCBuildConfiguration;
			buildSettings = {
				ALWAYS_EMBED_SWIFT_STANDARD_LIBRARIES = YES;
				DEVELOPMENT_TEAM = 79BDF8TB26;
				INFOPLIST_FILE = "DiffuseMenu(Swift)UITests/Info.plist";
				LD_RUNPATH_SEARCH_PATHS = "$(inherited) @executable_path/Frameworks @loader_path/Frameworks";
				PRODUCT_BUNDLE_IDENTIFIER = "github.com-mythkiven.DiffuseMenu-Swift-UITests";
				PRODUCT_NAME = "$(TARGET_NAME)";
				SWIFT_VERSION = 3.0;
				TEST_TARGET_NAME = "DiffuseMenu(Swift)";
			};
			name = Debug;
		};
		D236F9801E2726B30007A52C /* Release */ = {
			isa = XCBuildConfiguration;
			buildSettings = {
				ALWAYS_EMBED_SWIFT_STANDARD_LIBRARIES = YES;
				DEVELOPMENT_TEAM = 79BDF8TB26;
				INFOPLIST_FILE = "DiffuseMenu(Swift)UITests/Info.plist";
				LD_RUNPATH_SEARCH_PATHS = "$(inherited) @executable_path/Frameworks @loader_path/Frameworks";
				PRODUCT_BUNDLE_IDENTIFIER = "github.com-mythkiven.DiffuseMenu-Swift-UITests";
				PRODUCT_NAME = "$(TARGET_NAME)";
				SWIFT_VERSION = 3.0;
				TEST_TARGET_NAME = "DiffuseMenu(Swift)";
			};
			name = Release;
		};
/* End XCBuildConfiguration section */

/* Begin XCConfigurationList section */
		D236F94B1E2726B20007A52C /* Build configuration list for PBXProject "DiffuseMenu(Swift)" */ = {
			isa = XCConfigurationList;
			buildConfigurations = (
				D236F9761E2726B30007A52C /* Debug */,
				D236F9771E2726B30007A52C /* Release */,
			);
			defaultConfigurationIsVisible = 0;
			defaultConfigurationName = Release;
		};
		D236F9781E2726B30007A52C /* Build configuration list for PBXNativeTarget "DiffuseMenu(Swift)" */ = {
			isa = XCConfigurationList;
			buildConfigurations = (
				D236F9791E2726B30007A52C /* Debug */,
				D236F97A1E2726B30007A52C /* Release */,
			);
			defaultConfigurationIsVisible = 0;
		};
		D236F97B1E2726B30007A52C /* Build configuration list for PBXNativeTarget "DiffuseMenu(Swift)Tests" */ = {
			isa = XCConfigurationList;
			buildConfigurations = (
				D236F97C1E2726B30007A52C /* Debug */,
				D236F97D1E2726B30007A52C /* Release */,
			);
			defaultConfigurationIsVisible = 0;
		};
		D236F97E1E2726B30007A52C /* Build configuration list for PBXNativeTarget "DiffuseMenu(Swift)UITests" */ = {
			isa = XCConfigurationList;
			buildConfigurations = (
				D236F97F1E2726B30007A52C /* Debug */,
				D236F9801E2726B30007A52C /* Release */,
			);
			defaultConfigurationIsVisible = 0;
		};
/* End XCConfigurationList section */
	};
	rootObject = D236F9481E2726B20007A52C /* Project object */;
}
